
Microsoft Visual Studio Solution File, Format Version 12.00
# Visual Studio Version 16
VisualStudioVersion = 16.0.30907.101
MinimumVisualStudioVersion = 10.0.40219.1
Project("{FAE04EC0-301F-11D3-BF4B-00C04F79EFBC}") = "Weather_App_MVVM", "Weather_App_MVVM.csproj", "{23686B26-FF35-4AE7-B777-E8B2D2F4F929}"
EndProject
Global
	GlobalSection(SolutionConfigurationPlatforms) = preSolution
		Debug|Any CPU = Debug|Any CPU
		Release|Any CPU = Release|Any CPU
	EndGlobalSection
	GlobalSection(ProjectConfigurationPlatforms) = postSolution
		{23686B26-FF35-4AE7-B777-E8B2D2F4F929}.Debug|Any CPU.ActiveCfg = Debug|Any CPU
		{23686B26-FF35-4AE7-B777-E8B2D2F4F929}.Debug|Any CPU.Build.0 = Debug|Any CPU
		{23686B26-FF35-4AE7-B777-E8B2D2F4F929}.Release|Any CPU.ActiveCfg = Release|Any CPU
		{23686B26-FF35-4AE7-B777-E8B2D2F4F929}.Release|Any CPU.Build.0 = Release|Any CPU
	EndGlobalSection
	GlobalSection(SolutionProperties) = preSolution
		HideSolutionNode = FALSE
	EndGlobalSection
	GlobalSection(ExtensibilityGlobals) = postSolution
		SolutionGuid = {3F07C132-01A3-4BB6-942D-18797B72D032}
	EndGlobalSection
EndGlobal
